
Microsoft Visual Studio Solution File, Format Version 12.00
# Visual Studio Version 16
VisualStudioVersion = 16.0.34114.132
MinimumVisualStudioVersion = 10.0.40219.1
Project("{2150E333-8FDC-42A3-9474-1A3956D46DE8}") = "Task0", "Task0", "{04F65656-BC76-4DD8-BFD0-E3DE0E59183F}"
EndProject
Project("{2150E333-8FDC-42A3-9474-1A3956D46DE8}") = "Task1", "Task1", "{F16F0C75-2057-4B92-9FF3-525508847A5F}"
EndProject
Project("{2150E333-8FDC-42A3-9474-1A3956D46DE8}") = "Task2", "Task2", "{0E0AF4DF-7EED-4CF6-925E-DC84CC71DC83}"
EndProject
Project("{2150E333-8FDC-42A3-9474-1A3956D46DE8}") = "Task3", "Task3", "{B214D6B5-89E9-45D0-8DAE-E6FC93134F2C}"
EndProject
Project("{2150E333-8FDC-42A3-9474-1A3956D46DE8}") = "Task4", "Task4", "{302F6D62-1C76-4585-82B1-518C8F032A23}"
EndProject
Project("{2150E333-8FDC-42A3-9474-1A3956D46DE8}") = "Task6", "Task6", "{628FD9EE-5D9C-43B4-BF8B-9D4CAE4BCE2C}"
EndProject
Project("{2150E333-8FDC-42A3-9474-1A3956D46DE8}") = "Task7", "Task7", "{5913240D-95D9-4AF7-9177-401A9F697CA4}"
EndProject
Project("{FAE04EC0-301F-11D3-BF4B-00C04F79EFBC}") = "Tyuiu.ShishkovIA.Sprint5.Task0.V12", "Tyuiu.ShishkovIA.Sprint5.Task0.V12\Tyuiu.ShishkovIA.Sprint5.Task0.V12.csproj", "{2416463C-EAC8-498E-A716-5B279BA4C829}"
EndProject
Project("{FAE04EC0-301F-11D3-BF4B-00C04F79EFBC}") = "Tyuiu.ShishkovIA.Sprint5.Task0.V12.Lib", "Tyuiu.ShishkovIA.Sprint5.Task0.V12.Lib\Tyuiu.ShishkovIA.Sprint5.Task0.V12.Lib.csproj", "{4A95E26E-18BE-4260-A19B-86CEA5E3439F}"
EndProject
Project("{FAE04EC0-301F-11D3-BF4B-00C04F79EFBC}") = "Tyuiu.ShishkovIA.Sprint5.Task0.V12.Test", "Tyuiu.ShishkovIA.Sprint5.Task0.V12.Test\Tyuiu.ShishkovIA.Sprint5.Task0.V12.Test.csproj", "{0CB89947-86FA-4F47-8B05-866E84E064A2}"
EndProject
Project("{FAE04EC0-301F-11D3-BF4B-00C04F79EFBC}") = "Tyuiu.ShishkovIA.Sprint5.Task1.V2", "Tyuiu.ShishkovIA.Sprint5.Task1.V2\Tyuiu.ShishkovIA.Sprint5.Task1.V2.csproj", "{043273AA-B528-4DF5-B3CC-FC3F75C2B6A7}"
EndProject
Project("{FAE04EC0-301F-11D3-BF4B-00C04F79EFBC}") = "Tyuiu.ShishkovIA.Sprint5.Task1.V2.Lib", "Tyuiu.ShishkovIA.Sprint5.Task1.V2.Lib\Tyuiu.ShishkovIA.Sprint5.Task1.V2.Lib.csproj", "{FC2154DB-6D5F-4670-ABE4-B9CD9149BE78}"
EndProject
Project("{FAE04EC0-301F-11D3-BF4B-00C04F79EFBC}") = "Tyuiu.ShishkovIA.Sprint5.Task1.V2.Test", "Tyuiu.ShishkovIA.Sprint5.Task1.V2.Test\Tyuiu.ShishkovIA.Sprint5.Task1.V2.Test.csproj", "{B797DC9C-BF37-4120-BD0B-A8A61CAD7C36}"
EndProject
Project("{FAE04EC0-301F-11D3-BF4B-00C04F79EFBC}") = "Tyuiu.ShishkovIA.Sprint5.Task2.V14", "Tyuiu.ShishkovIA.Sprint5.Task2.V14\Tyuiu.ShishkovIA.Sprint5.Task2.V14.csproj", "{4C72A6E7-C785-4F04-B9E4-7DCB1218AC4F}"
EndProject
Project("{FAE04EC0-301F-11D3-BF4B-00C04F79EFBC}") = "Tyuiu.ShishkovIA.Sprint5.Task2.V14.Lib", "Tyuiu.ShishkovIA.Sprint5.Task2.V14.Lib\Tyuiu.ShishkovIA.Sprint5.Task2.V14.Lib.csproj", "{AD4A77D8-8D36-4A09-B248-C5A93CC2E276}"
EndProject
Project("{FAE04EC0-301F-11D3-BF4B-00C04F79EFBC}") = "Tyuiu.ShishkovIA.Sprint5.Task2.V14.Test", "Tyuiu.ShishkovIA.Sprint5.Task2.V14.Test\Tyuiu.ShishkovIA.Sprint5.Task2.V14.Test.csproj", "{5B58EB4C-6474-45C4-908D-72D31698DC50}"
EndProject
Project("{FAE04EC0-301F-11D3-BF4B-00C04F79EFBC}") = "Tyuiu.ShishkovIA.Sprint5.Task3.V5", "Tyuiu.ShishkovIA.Sprint5.Task3.V5\Tyuiu.ShishkovIA.Sprint5.Task3.V5.csproj", "{9871D9AE-2954-4FF6-986D-2B29A1B5E93D}"
EndProject
Project("{FAE04EC0-301F-11D3-BF4B-00C04F79EFBC}") = "Tyuiu.ShishkovIA.Sprint5.Task3.V5.Lib", "Tyuiu.ShishkovIA.Sprint5.Task3.V5.Lib\Tyuiu.ShishkovIA.Sprint5.Task3.V5.Lib.csproj", "{8419B7CF-A357-498B-80E3-CF822847DF07}"
EndProject
Project("{FAE04EC0-301F-11D3-BF4B-00C04F79EFBC}") = "Tyuiu.ShishkovIA.Sprint5.Task3.V5.Test", "Tyuiu.ShishkovIA.Sprint5.Task3.V5.Test\Tyuiu.ShishkovIA.Sprint5.Task3.V5.Test.csproj", "{83248615-C195-4CDD-9AE1-3AD7829BAF99}"
EndProject
Project("{FAE04EC0-301F-11D3-BF4B-00C04F79EFBC}") = "Tyuiu.ShishkovIA.Sprint5.Task4.V9", "Tyuiu.ShishkovIA.Sprint5.Task6.V16\Tyuiu.ShishkovIA.Sprint5.Task4.V9.csproj", "{0D93C8D3-F341-4CE0-9B3B-FE09A81A8A0A}"
EndProject
Project("{FAE04EC0-301F-11D3-BF4B-00C04F79EFBC}") = "Tyuiu.ShishkovIA.Sprint5.Task4.V9.Lib", "Tyuiu.ShishkovIA.Sprint5.Task4.V9.Lib\Tyuiu.ShishkovIA.Sprint5.Task4.V9.Lib.csproj", "{CB9C9CA6-A615-4B36-8FA4-1A72718CCBE5}"
EndProject
Project("{FAE04EC0-301F-11D3-BF4B-00C04F79EFBC}") = "Tyuiu.ShishkovIA.Sprint5.Task4.V9.Test", "Tyuiu.ShishkovIA.Sprint5.Task4.V9.Test\Tyuiu.ShishkovIA.Sprint5.Task4.V9.Test.csproj", "{F7F9047A-45A8-44D8-8A34-F68A3419BDA3}"
EndProject
Project("{2150E333-8FDC-42A3-9474-1A3956D46DE8}") = "Task5", "Task5", "{26337BFB-AFE6-4EF4-9AB8-A0CBC23F8D1D}"
EndProject
Project("{FAE04EC0-301F-11D3-BF4B-00C04F79EFBC}") = "Tyuiu.ShishkovIA.Sprint5.Task5.V16", "Tyuiu.ShishkovIA.Sprint5.Task5.V16\Tyuiu.ShishkovIA.Sprint5.Task5.V16.csproj", "{2187C2CD-90E0-4229-BBE9-0C013BB483AF}"
EndProject
Project("{FAE04EC0-301F-11D3-BF4B-00C04F79EFBC}") = "Tyuiu.ShishkovIA.Sprint5.Task5.V16.Lib", "Tyuiu.ShishkovIA.Sprint5.Task5.V16.Lib\Tyuiu.ShishkovIA.Sprint5.Task5.V16.Lib.csproj", "{DF551565-5EF9-4A19-95D6-249D632E1476}"
EndProject
Project("{FAE04EC0-301F-11D3-BF4B-00C04F79EFBC}") = "Tyuiu.ShishkovIA.Sprint5.Task5.V16.Test", "Tyuiu.ShishkovIA.Sprint5.Task5.V16.Test\Tyuiu.ShishkovIA.Sprint5.Task5.V16.Test.csproj", "{5AF1DC62-250E-401E-B205-FD094C13FCE3}"
EndProject
Project("{FAE04EC0-301F-11D3-BF4B-00C04F79EFBC}") = "Tyuiu.ShishkovIA.Sprint5.Task6.V6", "Tyuiu.ShishkovIA.Sprint5.Task6.V6\Tyuiu.ShishkovIA.Sprint5.Task6.V6.csproj", "{047D0FF5-584E-4940-9833-E0E4CE3AB8A8}"
EndProject
Project("{FAE04EC0-301F-11D3-BF4B-00C04F79EFBC}") = "Tyuiu.ShishkovIA.Sprint5.Task6.V6.Lib", "Tyuiu.ShishkovIA.Sprint5.Task6.V6.Lib\Tyuiu.ShishkovIA.Sprint5.Task6.V6.Lib.csproj", "{ED3727E9-3BB9-4F52-B8DA-DCF673D0186A}"
EndProject
Project("{FAE04EC0-301F-11D3-BF4B-00C04F79EFBC}") = "Tyuiu.ShishkovIA.Sprint5.Task6.V6.Test", "Tyuiu.ShishkovIA.Sprint5.Task6.V6.Test\Tyuiu.ShishkovIA.Sprint5.Task6.V6.Test.csproj", "{042F4C92-CE0F-49BE-9A1C-174BF2C99AB7}"
EndProject
Project("{FAE04EC0-301F-11D3-BF4B-00C04F79EFBC}") = "Tyuiu.ShishkovIA.Sprint5.Task7.V22", "Tyuiu.ShishkovIA.Sprint5.Task7.V22\Tyuiu.ShishkovIA.Sprint5.Task7.V22.csproj", "{2F9CD6FC-DAAB-4AD2-9B4B-C414960E2A26}"
EndProject
Project("{FAE04EC0-301F-11D3-BF4B-00C04F79EFBC}") = "Tyuiu.ShishkovIA.Sprint5.Task7.V22.Lib", "Tyuiu.ShishkovIA.Sprint5.Task7.V22.Lib\Tyuiu.ShishkovIA.Sprint5.Task7.V22.Lib.csproj", "{42463EC6-67D1-4BA3-A9EA-7080102E5957}"
EndProject
Project("{FAE04EC0-301F-11D3-BF4B-00C04F79EFBC}") = "Tyuiu.ShishkovIA.Sprint5.Task7.V22.Test", "Tyuiu.ShishkovIA.Sprint5.Task7.V22.Test\Tyuiu.ShishkovIA.Sprint5.Task7.V22.Test.csproj", "{188D9F84-7C31-4D75-88E0-2CA5DCA2EA19}"
EndProject
Global
	GlobalSection(SolutionConfigurationPlatforms) = preSolution
		Debug|Any CPU = Debug|Any CPU
		Release|Any CPU = Release|Any CPU
	EndGlobalSection
	GlobalSection(ProjectConfigurationPlatforms) = postSolution
		{2416463C-EAC8-498E-A716-5B279BA4C829}.Debug|Any CPU.ActiveCfg = Debug|Any CPU
		{2416463C-EAC8-498E-A716-5B279BA4C829}.Debug|Any CPU.Build.0 = Debug|Any CPU
		{2416463C-EAC8-498E-A716-5B279BA4C829}.Release|Any CPU.ActiveCfg = Release|Any CPU
		{2416463C-EAC8-498E-A716-5B279BA4C829}.Release|Any CPU.Build.0 = Release|Any CPU
		{4A95E26E-18BE-4260-A19B-86CEA5E3439F}.Debug|Any CPU.ActiveCfg = Debug|Any CPU
		{4A95E26E-18BE-4260-A19B-86CEA5E3439F}.Debug|Any CPU.Build.0 = Debug|Any CPU
		{4A95E26E-18BE-4260-A19B-86CEA5E3439F}.Release|Any CPU.ActiveCfg = Release|Any CPU
		{4A95E26E-18BE-4260-A19B-86CEA5E3439F}.Release|Any CPU.Build.0 = Release|Any CPU
		{0CB89947-86FA-4F47-8B05-866E84E064A2}.Debug|Any CPU.ActiveCfg = Debug|Any CPU
		{0CB89947-86FA-4F47-8B05-866E84E064A2}.Debug|Any CPU.Build.0 = Debug|Any CPU
		{0CB89947-86FA-4F47-8B05-866E84E064A2}.Release|Any CPU.ActiveCfg = Release|Any CPU
		{0CB89947-86FA-4F47-8B05-866E84E064A2}.Release|Any CPU.Build.0 = Release|Any CPU
		{043273AA-B528-4DF5-B3CC-FC3F75C2B6A7}.Debug|Any CPU.ActiveCfg = Debug|Any CPU
		{043273AA-B528-4DF5-B3CC-FC3F75C2B6A7}.Debug|Any CPU.Build.0 = Debug|Any CPU
		{043273AA-B528-4DF5-B3CC-FC3F75C2B6A7}.Release|Any CPU.ActiveCfg = Release|Any CPU
		{043273AA-B528-4DF5-B3CC-FC3F75C2B6A7}.Release|Any CPU.Build.0 = Release|Any CPU
		{FC2154DB-6D5F-4670-ABE4-B9CD9149BE78}.Debug|Any CPU.ActiveCfg = Debug|Any CPU
		{FC2154DB-6D5F-4670-ABE4-B9CD9149BE78}.Debug|Any CPU.Build.0 = Debug|Any CPU
		{FC2154DB-6D5F-4670-ABE4-B9CD9149BE78}.Release|Any CPU.ActiveCfg = Release|Any CPU
		{FC2154DB-6D5F-4670-ABE4-B9CD9149BE78}.Release|Any CPU.Build.0 = Release|Any CPU
		{B797DC9C-BF37-4120-BD0B-A8A61CAD7C36}.Debug|Any CPU.ActiveCfg = Debug|Any CPU
		{B797DC9C-BF37-4120-BD0B-A8A61CAD7C36}.Debug|Any CPU.Build.0 = Debug|Any CPU
		{B797DC9C-BF37-4120-BD0B-A8A61CAD7C36}.Release|Any CPU.ActiveCfg = Release|Any CPU
		{B797DC9C-BF37-4120-BD0B-A8A61CAD7C36}.Release|Any CPU.Build.0 = Release|Any CPU
		{4C72A6E7-C785-4F04-B9E4-7DCB1218AC4F}.Debug|Any CPU.ActiveCfg = Debug|Any CPU
		{4C72A6E7-C785-4F04-B9E4-7DCB1218AC4F}.Debug|Any CPU.Build.0 = Debug|Any CPU
		{4C72A6E7-C785-4F04-B9E4-7DCB1218AC4F}.Release|Any CPU.ActiveCfg = Release|Any CPU
		{4C72A6E7-C785-4F04-B9E4-7DCB1218AC4F}.Release|Any CPU.Build.0 = Release|Any CPU
		{AD4A77D8-8D36-4A09-B248-C5A93CC2E276}.Debug|Any CPU.ActiveCfg = Debug|Any CPU
		{AD4A77D8-8D36-4A09-B248-C5A93CC2E276}.Debug|Any CPU.Build.0 = Debug|Any CPU
		{AD4A77D8-8D36-4A09-B248-C5A93CC2E276}.Release|Any CPU.ActiveCfg = Release|Any CPU
		{AD4A77D8-8D36-4A09-B248-C5A93CC2E276}.Release|Any CPU.Build.0 = Release|Any CPU
		{5B58EB4C-6474-45C4-908D-72D31698DC50}.Debug|Any CPU.ActiveCfg = Debug|Any CPU
		{5B58EB4C-6474-45C4-908D-72D31698DC50}.Debug|Any CPU.Build.0 = Debug|Any CPU
		{5B58EB4C-6474-45C4-908D-72D31698DC50}.Release|Any CPU.ActiveCfg = Release|Any CPU
		{5B58EB4C-6474-45C4-908D-72D31698DC50}.Release|Any CPU.Build.0 = Release|Any CPU
		{9871D9AE-2954-4FF6-986D-2B29A1B5E93D}.Debug|Any CPU.ActiveCfg = Debug|Any CPU
		{9871D9AE-2954-4FF6-986D-2B29A1B5E93D}.Debug|Any CPU.Build.0 = Debug|Any CPU
		{9871D9AE-2954-4FF6-986D-2B29A1B5E93D}.Release|Any CPU.ActiveCfg = Release|Any CPU
		{9871D9AE-2954-4FF6-986D-2B29A1B5E93D}.Release|Any CPU.Build.0 = Release|Any CPU
		{8419B7CF-A357-498B-80E3-CF822847DF07}.Debug|Any CPU.ActiveCfg = Debug|Any CPU
		{8419B7CF-A357-498B-80E3-CF822847DF07}.Debug|Any CPU.Build.0 = Debug|Any CPU
		{8419B7CF-A357-498B-80E3-CF822847DF07}.Release|Any CPU.ActiveCfg = Release|Any CPU
		{8419B7CF-A357-498B-80E3-CF822847DF07}.Release|Any CPU.Build.0 = Release|Any CPU
		{83248615-C195-4CDD-9AE1-3AD7829BAF99}.Debug|Any CPU.ActiveCfg = Debug|Any CPU
		{83248615-C195-4CDD-9AE1-3AD7829BAF99}.Debug|Any CPU.Build.0 = Debug|Any CPU
		{83248615-C195-4CDD-9AE1-3AD7829BAF99}.Release|Any CPU.ActiveCfg = Release|Any CPU
		{83248615-C195-4CDD-9AE1-3AD7829BAF99}.Release|Any CPU.Build.0 = Release|Any CPU
		{0D93C8D3-F341-4CE0-9B3B-FE09A81A8A0A}.Debug|Any CPU.ActiveCfg = Debug|Any CPU
		{0D93C8D3-F341-4CE0-9B3B-FE09A81A8A0A}.Debug|Any CPU.Build.0 = Debug|Any CPU
		{0D93C8D3-F341-4CE0-9B3B-FE09A81A8A0A}.Release|Any CPU.ActiveCfg = Release|Any CPU
		{0D93C8D3-F341-4CE0-9B3B-FE09A81A8A0A}.Release|Any CPU.Build.0 = Release|Any CPU
		{CB9C9CA6-A615-4B36-8FA4-1A72718CCBE5}.Debug|Any CPU.ActiveCfg = Debug|Any CPU
		{CB9C9CA6-A615-4B36-8FA4-1A72718CCBE5}.Debug|Any CPU.Build.0 = Debug|Any CPU
		{CB9C9CA6-A615-4B36-8FA4-1A72718CCBE5}.Release|Any CPU.ActiveCfg = Release|Any CPU
		{CB9C9CA6-A615-4B36-8FA4-1A72718CCBE5}.Release|Any CPU.Build.0 = Release|Any CPU
		{F7F9047A-45A8-44D8-8A34-F68A3419BDA3}.Debug|Any CPU.ActiveCfg = Debug|Any CPU
		{F7F9047A-45A8-44D8-8A34-F68A3419BDA3}.Debug|Any CPU.Build.0 = Debug|Any CPU
		{F7F9047A-45A8-44D8-8A34-F68A3419BDA3}.Release|Any CPU.ActiveCfg = Release|Any CPU
		{F7F9047A-45A8-44D8-8A34-F68A3419BDA3}.Release|Any CPU.Build.0 = Release|Any CPU
		{2187C2CD-90E0-4229-BBE9-0C013BB483AF}.Debug|Any CPU.ActiveCfg = Debug|Any CPU
		{2187C2CD-90E0-4229-BBE9-0C013BB483AF}.Debug|Any CPU.Build.0 = Debug|Any CPU
		{2187C2CD-90E0-4229-BBE9-0C013BB483AF}.Release|Any CPU.ActiveCfg = Release|Any CPU
		{2187C2CD-90E0-4229-BBE9-0C013BB483AF}.Release|Any CPU.Build.0 = Release|Any CPU
		{DF551565-5EF9-4A19-95D6-249D632E1476}.Debug|Any CPU.ActiveCfg = Debug|Any CPU
		{DF551565-5EF9-4A19-95D6-249D632E1476}.Debug|Any CPU.Build.0 = Debug|Any CPU
		{DF551565-5EF9-4A19-95D6-249D632E1476}.Release|Any CPU.ActiveCfg = Release|Any CPU
		{DF551565-5EF9-4A19-95D6-249D632E1476}.Release|Any CPU.Build.0 = Release|Any CPU
		{5AF1DC62-250E-401E-B205-FD094C13FCE3}.Debug|Any CPU.ActiveCfg = Debug|Any CPU
		{5AF1DC62-250E-401E-B205-FD094C13FCE3}.Debug|Any CPU.Build.0 = Debug|Any CPU
		{5AF1DC62-250E-401E-B205-FD094C13FCE3}.Release|Any CPU.ActiveCfg = Release|Any CPU
		{5AF1DC62-250E-401E-B205-FD094C13FCE3}.Release|Any CPU.Build.0 = Release|Any CPU
		{047D0FF5-584E-4940-9833-E0E4CE3AB8A8}.Debug|Any CPU.ActiveCfg = Debug|Any CPU
		{047D0FF5-584E-4940-9833-E0E4CE3AB8A8}.Debug|Any CPU.Build.0 = Debug|Any CPU
		{047D0FF5-584E-4940-9833-E0E4CE3AB8A8}.Release|Any CPU.ActiveCfg = Release|Any CPU
		{047D0FF5-584E-4940-9833-E0E4CE3AB8A8}.Release|Any CPU.Build.0 = Release|Any CPU
		{ED3727E9-3BB9-4F52-B8DA-DCF673D0186A}.Debug|Any CPU.ActiveCfg = Debug|Any CPU
		{ED3727E9-3BB9-4F52-B8DA-DCF673D0186A}.Debug|Any CPU.Build.0 = Debug|Any CPU
		{ED3727E9-3BB9-4F52-B8DA-DCF673D0186A}.Release|Any CPU.ActiveCfg = Release|Any CPU
		{ED3727E9-3BB9-4F52-B8DA-DCF673D0186A}.Release|Any CPU.Build.0 = Release|Any CPU
		{042F4C92-CE0F-49BE-9A1C-174BF2C99AB7}.Debug|Any CPU.ActiveCfg = Debug|Any CPU
		{042F4C92-CE0F-49BE-9A1C-174BF2C99AB7}.Debug|Any CPU.Build.0 = Debug|Any CPU
		{042F4C92-CE0F-49BE-9A1C-174BF2C99AB7}.Release|Any CPU.ActiveCfg = Release|Any CPU
		{042F4C92-CE0F-49BE-9A1C-174BF2C99AB7}.Release|Any CPU.Build.0 = Release|Any CPU
		{2F9CD6FC-DAAB-4AD2-9B4B-C414960E2A26}.Debug|Any CPU.ActiveCfg = Debug|Any CPU
		{2F9CD6FC-DAAB-4AD2-9B4B-C414960E2A26}.Debug|Any CPU.Build.0 = Debug|Any CPU
		{2F9CD6FC-DAAB-4AD2-9B4B-C414960E2A26}.Release|Any CPU.ActiveCfg = Release|Any CPU
		{2F9CD6FC-DAAB-4AD2-9B4B-C414960E2A26}.Release|Any CPU.Build.0 = Release|Any CPU
		{42463EC6-67D1-4BA3-A9EA-7080102E5957}.Debug|Any CPU.ActiveCfg = Debug|Any CPU
		{42463EC6-67D1-4BA3-A9EA-7080102E5957}.Debug|Any CPU.Build.0 = Debug|Any CPU
		{42463EC6-67D1-4BA3-A9EA-7080102E5957}.Release|Any CPU.ActiveCfg = Release|Any CPU
		{42463EC6-67D1-4BA3-A9EA-7080102E5957}.Release|Any CPU.Build.0 = Release|Any CPU
		{188D9F84-7C31-4D75-88E0-2CA5DCA2EA19}.Debug|Any CPU.ActiveCfg = Debug|Any CPU
		{188D9F84-7C31-4D75-88E0-2CA5DCA2EA19}.Debug|Any CPU.Build.0 = Debug|Any CPU
		{188D9F84-7C31-4D75-88E0-2CA5DCA2EA19}.Release|Any CPU.ActiveCfg = Release|Any CPU
		{188D9F84-7C31-4D75-88E0-2CA5DCA2EA19}.Release|Any CPU.Build.0 = Release|Any CPU
	EndGlobalSection
	GlobalSection(SolutionProperties) = preSolution
		HideSolutionNode = FALSE
	EndGlobalSection
	GlobalSection(NestedProjects) = preSolution
		{2416463C-EAC8-498E-A716-5B279BA4C829} = {04F65656-BC76-4DD8-BFD0-E3DE0E59183F}
		{4A95E26E-18BE-4260-A19B-86CEA5E3439F} = {04F65656-BC76-4DD8-BFD0-E3DE0E59183F}
		{0CB89947-86FA-4F47-8B05-866E84E064A2} = {04F65656-BC76-4DD8-BFD0-E3DE0E59183F}
		{043273AA-B528-4DF5-B3CC-FC3F75C2B6A7} = {F16F0C75-2057-4B92-9FF3-525508847A5F}
		{FC2154DB-6D5F-4670-ABE4-B9CD9149BE78} = {F16F0C75-2057-4B92-9FF3-525508847A5F}
		{B797DC9C-BF37-4120-BD0B-A8A61CAD7C36} = {F16F0C75-2057-4B92-9FF3-525508847A5F}
		{4C72A6E7-C785-4F04-B9E4-7DCB1218AC4F} = {0E0AF4DF-7EED-4CF6-925E-DC84CC71DC83}
		{AD4A77D8-8D36-4A09-B248-C5A93CC2E276} = {0E0AF4DF-7EED-4CF6-925E-DC84CC71DC83}
		{5B58EB4C-6474-45C4-908D-72D31698DC50} = {0E0AF4DF-7EED-4CF6-925E-DC84CC71DC83}
		{9871D9AE-2954-4FF6-986D-2B29A1B5E93D} = {B214D6B5-89E9-45D0-8DAE-E6FC93134F2C}
		{8419B7CF-A357-498B-80E3-CF822847DF07} = {B214D6B5-89E9-45D0-8DAE-E6FC93134F2C}
		{83248615-C195-4CDD-9AE1-3AD7829BAF99} = {B214D6B5-89E9-45D0-8DAE-E6FC93134F2C}
		{0D93C8D3-F341-4CE0-9B3B-FE09A81A8A0A} = {302F6D62-1C76-4585-82B1-518C8F032A23}
		{CB9C9CA6-A615-4B36-8FA4-1A72718CCBE5} = {302F6D62-1C76-4585-82B1-518C8F032A23}
		{F7F9047A-45A8-44D8-8A34-F68A3419BDA3} = {302F6D62-1C76-4585-82B1-518C8F032A23}
		{2187C2CD-90E0-4229-BBE9-0C013BB483AF} = {26337BFB-AFE6-4EF4-9AB8-A0CBC23F8D1D}
		{DF551565-5EF9-4A19-95D6-249D632E1476} = {26337BFB-AFE6-4EF4-9AB8-A0CBC23F8D1D}
		{5AF1DC62-250E-401E-B205-FD094C13FCE3} = {26337BFB-AFE6-4EF4-9AB8-A0CBC23F8D1D}
		{047D0FF5-584E-4940-9833-E0E4CE3AB8A8} = {628FD9EE-5D9C-43B4-BF8B-9D4CAE4BCE2C}
		{ED3727E9-3BB9-4F52-B8DA-DCF673D0186A} = {628FD9EE-5D9C-43B4-BF8B-9D4CAE4BCE2C}
		{042F4C92-CE0F-49BE-9A1C-174BF2C99AB7} = {628FD9EE-5D9C-43B4-BF8B-9D4CAE4BCE2C}
		{2F9CD6FC-DAAB-4AD2-9B4B-C414960E2A26} = {5913240D-95D9-4AF7-9177-401A9F697CA4}
		{42463EC6-67D1-4BA3-A9EA-7080102E5957} = {5913240D-95D9-4AF7-9177-401A9F697CA4}
		{188D9F84-7C31-4D75-88E0-2CA5DCA2EA19} = {5913240D-95D9-4AF7-9177-401A9F697CA4}
	EndGlobalSection
	GlobalSection(ExtensibilityGlobals) = postSolution
		SolutionGuid = {4740D8D3-0952-48C5-ADB1-586F442A610F}
	EndGlobalSection
EndGlobal
